{
  "name": "@react-mvi/cli",
  "version": "1.0.0",
  "lockfileVersion": 1,
  "requires": true,
  "dependencies": {
    "@types/ejs": {
      "version": "2.3.33",
      "resolved": "https://registry.npmjs.org/@types/ejs/-/ejs-2.3.33.tgz",
      "integrity": "sha1-Ck4Keu7gmUQVSwbOWirGoRj5KwA=",
      "dev": true
    },
    "@types/node": {
      "version": "8.0.19",
      "resolved": "https://registry.npmjs.org/@types/node/-/node-8.0.19.tgz",
      "integrity": "sha512-VRQB+Q0L3YZWs45uRdpN9oWr82meL/8TrJ6faoKT5tp0uub2l/aRMhtm5fo68h7kjYKH60f9/bay1nF7ZpTW5g==",
      "dev": true
    },
    "@types/npm": {
      "version": "2.0.28",
      "resolved": "https://registry.npmjs.org/@types/npm/-/npm-2.0.28.tgz",
      "integrity": "sha1-Crf0YK/Jru7kYZQ4l2YDG8cUUgw=",
      "dev": true,
      "requires": {
        "@types/node": "8.0.19"
      }
    },
    "ejs": {
      "version": "2.5.7",
      "resolved": "https://registry.npmjs.org/ejs/-/ejs-2.5.7.tgz",
      "integrity": "sha1-zIcsFoiArjxxiXYv1f/ACJbJUYo="
    },
    "typescript": {
      "version": "2.4.2",
      "resolved": "https://registry.npmjs.org/typescript/-/typescript-2.4.2.tgz",
      "integrity": "sha1-+DlfhdRZJ2BnyYiqQYN6j4KHCEQ=",
      "dev": true
    }
  }
}
