# THIS IS AN AUTOGENERATED FILE. DO NOT EDIT THIS FILE DIRECTLY.
# yarn lockfile v1


"@types/commander@^2.9.1":
  version "2.9.1"
  resolved "https://registry.yarnpkg.com/@types/commander/-/commander-2.9.1.tgz#d4e464425baf4685bd49dd233be11de9c00c0784"
  dependencies:
    "@types/node" "*"

"@types/ejs@^2.3.33":
  version "2.3.33"
  resolved "https://registry.yarnpkg.com/@types/ejs/-/ejs-2.3.33.tgz#0a4e0a7aeee09944154b06ce5a2ac6a118f92b00"

"@types/node@*":
  version "8.0.17"
  resolved "https://registry.yarnpkg.com/@types/node/-/node-8.0.17.tgz#677bc8c118cfb76013febb62ede1f31d2c7222a1"

"@types/npm@^2.0.28":
  version "2.0.28"
  resolved "https://registry.yarnpkg.com/@types/npm/-/npm-2.0.28.tgz#0ab7f460afc9aeeee46194389766031bc714520c"
  dependencies:
    "@types/node" "*"

commander@^2.11.0:
  version "2.11.0"
  resolved "https://registry.yarnpkg.com/commander/-/commander-2.11.0.tgz#157152fd1e7a6c8d98a5b715cf376df928004563"

ejs@^2.5.7:
  version "2.5.7"
  resolved "https://registry.yarnpkg.com/ejs/-/ejs-2.5.7.tgz#cc872c168880ae3c7189762fd5ffc00896c9518a"

typescript@^2.4.2:
  version "2.4.2"
  resolved "https://registry.yarnpkg.com/typescript/-/typescript-2.4.2.tgz#f8395f85d459276067c988aa41837a8f82870844"
