# THIS IS AN AUTOGENERATED FILE. DO NOT EDIT THIS FILE DIRECTLY.
# yarn lockfile v1


"@types/ejs@^2.3.33":
  version "2.3.33"
  resolved "https://registry.yarnpkg.com/@types/ejs/-/ejs-2.3.33.tgz#0a4e0a7aeee09944154b06ce5a2ac6a118f92b00"

ejs@^2.5.7:
  version "2.5.7"
  resolved "https://registry.yarnpkg.com/ejs/-/ejs-2.5.7.tgz#cc872c168880ae3c7189762fd5ffc00896c9518a"

typescript@^2.4.2:
  version "2.4.2"
  resolved "https://registry.yarnpkg.com/typescript/-/typescript-2.4.2.tgz#f8395f85d459276067c988aa41837a8f82870844"
